// !$*UTF8*$!
{
	archiveVersion = 1;
	classes = {
	};
	objectVersion = 77;
	objects = {

/* Begin PBXBuildFile section */
		03AC0A68F60F1F314B6A68FA /* libx265.216.dylib in Resources */ = {isa = PBXBuildFile; fileRef = CC0A39F8A3F03E93D2B4B849 /* libx265.216.dylib */; };
		0825DB354812A90F349CA0F5 /* SearchViewModelTests.swift in Sources */ = {isa = PBXBuildFile; fileRef = 186F049CE6669E44D287954A /* SearchViewModelTests.swift */; };
		0930C3F6FA5F345B5A26F234 /* Library in Frameworks */ = {isa = PBXBuildFile; productRef = D12DF4C04E3DB095C79E72AA /* Library */; };
		0AAC9D550A9EDA832050335F /* Assets.xcassets in Resources */ = {isa = PBXBuildFile; fileRef = 3AB7C159C37D262541974E75 /* Assets.xcassets */; };
		0F2FCA653E60B83CF8AA8469 /* Observability in Frameworks */ = {isa = PBXBuildFile; productRef = 8F629E8B78D37805428363DA /* Observability */; };
		107172A0A726B4E657128E0E /* VolumeIcon.icns in Resources */ = {isa = PBXBuildFile; fileRef = 38D3908A7CD0D2A9A3BA7A60 /* VolumeIcon.icns */; };
		117F164AC803AC6C6C2EC42C /* libswresample.6.dylib in Resources */ = {isa = PBXBuildFile; fileRef = 96DE902847E1307A6BBABDDC /* libswresample.6.dylib */; };
		146E67FA9E1B65EC2CB4F01E /* libSvtAv1Enc.4.dylib in Resources */ = {isa = PBXBuildFile; fileRef = 10497567C431D6A1E5AE1805 /* libSvtAv1Enc.4.dylib */; };
		171ED43E8939DABF4D9DB1E8 /* Sparkle in Frameworks */ = {isa = PBXBuildFile; productRef = 4BD8C9A8D2F5753BB057397D /* Sparkle */; };
		1A7E5FA27ADE29289C39EC19 /* LibraryViewModelToastTests.swift in Sources */ = {isa = PBXBuildFile; fileRef = 9BBAA3D7563E34731CF32FDE /* LibraryViewModelToastTests.swift */; };
		1EFDD9F88E80C58502A416CC /* libssl.3.dylib in Resources */ = {isa = PBXBuildFile; fileRef = 12537730024981AF312B087F /* libssl.3.dylib */; };
		235DCEA8287BFE60BDFC1313 /* SmokeTests.swift in Sources */ = {isa = PBXBuildFile; fileRef = BE5BAA30AA4420B9BDC03C81 /* SmokeTests.swift */; };
		2442A15E49DA0BC61C7B38E5 /* libdav1d.7.dylib in Resources */ = {isa = PBXBuildFile; fileRef = A7C07D1BD23764E524C5E631 /* libdav1d.7.dylib */; };
		251364DE7069EC1D663C49E1 /* Scrobble in Frameworks */ = {isa = PBXBuildFile; productRef = 7958F5C62AD395861A62A40B /* Scrobble */; };
		26915B734070F50653BB0FB0 /* NoticesWindowView.swift in Sources */ = {isa = PBXBuildFile; fileRef = A48BC953E0F409019C6F855F /* NoticesWindowView.swift */; };
		2951251A22331F41815417C1 /* dmg-background.png in Resources */ = {isa = PBXBuildFile; fileRef = 5176B1403032D73D9D52B246 /* dmg-background.png */; };
		2F10190EBC449B79B6806730 /* Playback in Frameworks */ = {isa = PBXBuildFile; productRef = E05BB587A6FC66933F79D585 /* Playback */; };
		360ACF651075DD2E38C74853 /* dmg-background@2x.png in Resources */ = {isa = PBXBuildFile; fileRef = E3C3D9C828BB06085A4E0EA5 /* dmg-background@2x.png */; };
		396E0BCD608011A124CEB9BD /* HelpWindowView.swift in Sources */ = {isa = PBXBuildFile; fileRef = 5F9290FC0C85BA0735CCF7F2 /* HelpWindowView.swift */; };
		4048626C7584950E6D201081 /* LaunchSanity.swift in Sources */ = {isa = PBXBuildFile; fileRef = C1DE49AE8BEADA5F7A3D8406 /* LaunchSanity.swift */; };
		497105A9654862C212C4BDB1 /* AppIcon.icns in Resources */ = {isa = PBXBuildFile; fileRef = 3D4AE0034D5FCF6A0BB9DD4B /* AppIcon.icns */; };
		4F09E6E2D97B11F4A6C7AED4 /* BocanApp.swift in Sources */ = {isa = PBXBuildFile; fileRef = B4F9A42729E5EFAA6A91F042 /* BocanApp.swift */; };
		53AE8C17F55F8BDC0BCD4BDD /* AudioEngine in Frameworks */ = {isa = PBXBuildFile; productRef = 441F05155B692DC6D6F30264 /* AudioEngine */; };
		5CBE9166A007819CF6F242ED /* PlaylistDetailViewModelTests.swift in Sources */ = {isa = PBXBuildFile; fileRef = 8929B62314FB8D67123CC447 /* PlaylistDetailViewModelTests.swift */; };
		5CFAFAFE675531C5E6AED98A /* ContrastTests.swift in Sources */ = {isa = PBXBuildFile; fileRef = E49CDFBDDA8CA1C27167FD94 /* ContrastTests.swift */; };
		5F463887C3D0E059B4CDE351 /* fpcalc in Resources */ = {isa = PBXBuildFile; fileRef = A9999948FAD8FF8EE311BC9A /* fpcalc */; };
		61710529DAD3CE20DE867CA2 /* libcrypto.3.dylib in Resources */ = {isa = PBXBuildFile; fileRef = EF3F911D33E1092BD960EF92 /* libcrypto.3.dylib */; };
		66A006037FB3F8C99B2585CA /* libchromaprint.1.dylib in Resources */ = {isa = PBXBuildFile; fileRef = 4184573B514D5001203CDC8F /* libchromaprint.1.dylib */; };
		6C037B4EAD50B67AA02719E8 /* libopus.0.dylib in Resources */ = {isa = PBXBuildFile; fileRef = 793B0EF76ECE1435160C2F32 /* libopus.0.dylib */; };
		7661707B6B4D0C5E0E16DCFF /* libmp3lame.0.dylib in Resources */ = {isa = PBXBuildFile; fileRef = 6C8BD227AC55BA870F3E55D5 /* libmp3lame.0.dylib */; };
		77F45CC96B5C6CCE9C3BF662 /* NowPlayingViewModelTests.swift in Sources */ = {isa = PBXBuildFile; fileRef = 64E3CB22079D5B857F200875 /* NowPlayingViewModelTests.swift */; };
		7A3494AA7B3FEA6EDBCFDD1B /* libvpx.12.dylib in Resources */ = {isa = PBXBuildFile; fileRef = DF5ADAFD0499127461E0702F /* libvpx.12.dylib */; };
		7D8AD74E3C50474CA24958DC /* SingleInstance.swift in Sources */ = {isa = PBXBuildFile; fileRef = C4262BE7B022BB4DC4BDA75C /* SingleInstance.swift */; };
		7FA36AE37C84A3C2924AFBB2 /* Playback in Frameworks */ = {isa = PBXBuildFile; productRef = 725067C07C4341529B60581F /* Playback */; };
		83D1988AE70AF6C6F97FC1A3 /* DebugAudioView.swift in Sources */ = {isa = PBXBuildFile; fileRef = E86C2B2FF5D1DDE98868F4E4 /* DebugAudioView.swift */; };
		84BAE5C2FAF57BE28E445749 /* ReduceTransparencyTests.swift in Sources */ = {isa = PBXBuildFile; fileRef = 2281C47BF7969849A1BCBFA6 /* ReduceTransparencyTests.swift */; };
		8648C9B6A91C206B360C67EB /* Observability in Frameworks */ = {isa = PBXBuildFile; productRef = 4471527EBD815A0F4817C396 /* Observability */; };
		8898D5F54BEE976BF1FB21AD /* SingleInstance.swift in Sources */ = {isa = PBXBuildFile; fileRef = C4262BE7B022BB4DC4BDA75C /* SingleInstance.swift */; };
		8A614DC6BC63667C9813552C /* ReduceMotionTests.swift in Sources */ = {isa = PBXBuildFile; fileRef = E4807631780E7B75DB867E0E /* ReduceMotionTests.swift */; };
		905B83A145C60C115F496A91 /* Persistence in Frameworks */ = {isa = PBXBuildFile; productRef = EFCF37422883F3C0CF718D56 /* Persistence */; };
		9B60DEC59F8E4D4A133B1CAF /* UI in Frameworks */ = {isa = PBXBuildFile; productRef = D1ABAB928B628AE14B24A3B8 /* UI */; };
		9C385BADF495477668F1AA60 /* AudioEngine in Frameworks */ = {isa = PBXBuildFile; productRef = EE0BAD633E96C7812391D0FE /* AudioEngine */; };
		A5C6CD2B65EE340D89780C83 /* DynamicTypeTests.swift in Sources */ = {isa = PBXBuildFile; fileRef = 488EF7013DA7577BAC57223F /* DynamicTypeTests.swift */; };
		AE7DBDB3DD4836389E11BAC5 /* Acoustics in Frameworks */ = {isa = PBXBuildFile; productRef = 66DA699183F712D5B228B317 /* Acoustics */; };
		AE83F7B52E3E141F29952E6D /* AppDelegate+DockMenu.swift in Sources */ = {isa = PBXBuildFile; fileRef = 1ACE57B7C3E8393E36758EBA /* AppDelegate+DockMenu.swift */; };
		AFC2291506F5C92F46B51EA3 /* LaunchAtLoginController.swift in Sources */ = {isa = PBXBuildFile; fileRef = D83A27BDC0A44ED576CBDE8C /* LaunchAtLoginController.swift */; };
		B8271C1D9DA274E689DACA81 /* BocanCommands.swift in Sources */ = {isa = PBXBuildFile; fileRef = 8A1792042403A11B4E098A3A /* BocanCommands.swift */; };
		B837875EEF2C22BF2BA2E01B /* SmartPlaylistDetailViewModelTests.swift in Sources */ = {isa = PBXBuildFile; fileRef = 601E8DA997D3DBE53B2FE143 /* SmartPlaylistDetailViewModelTests.swift */; };
		BBA841A811484687BE460646 /* PlaylistSidebarViewModelTests.swift in Sources */ = {isa = PBXBuildFile; fileRef = 30F7FC1DB9D43070D64142C0 /* PlaylistSidebarViewModelTests.swift */; };
		BC00576C8988893926D84C76 /* DSPViewModelTests.swift in Sources */ = {isa = PBXBuildFile; fileRef = 0F1F8836F6CA2AB271F7EF7E /* DSPViewModelTests.swift */; };
		BEA7762AAF83D96A7AA9F607 /* TracksViewRemoveFromPlaylistConfirmationTests.swift in Sources */ = {isa = PBXBuildFile; fileRef = 4974E7D03EB41C73C23C1851 /* TracksViewRemoveFromPlaylistConfirmationTests.swift */; };
		BF2E14746809D06614CA8246 /* libx264.165.dylib in Resources */ = {isa = PBXBuildFile; fileRef = EAE5B0E69C35644EFB27D606 /* libx264.165.dylib */; };
		C13058434C014C64CF041E04 /* VisualizerViewModelTests.swift in Sources */ = {isa = PBXBuildFile; fileRef = 92F911DF68929D5E17148259 /* VisualizerViewModelTests.swift */; };
		C60B8E502240CEA18C5EC019 /* libavutil.60.dylib in Resources */ = {isa = PBXBuildFile; fileRef = 195A48BE28C07366C7A280FC /* libavutil.60.dylib */; };
		C7A80E3167450AFA86AB6A2B /* QuitGuardStateTests.swift in Sources */ = {isa = PBXBuildFile; fileRef = 86609285677EA66C846D3FDC /* QuitGuardStateTests.swift */; };
		CBD0BE1B05F022914A7025B6 /* libavcodec.62.dylib in Resources */ = {isa = PBXBuildFile; fileRef = EF6CEBB0A8EA190CE746448B /* libavcodec.62.dylib */; };
		CCA52E05E1A09E45F6450688 /* Lifecycle.swift in Sources */ = {isa = PBXBuildFile; fileRef = B6A9FE99C1399ECBBA9D4681 /* Lifecycle.swift */; };
		CDC6FA7516C4C15CBFBDF92F /* TracksViewModelTests.swift in Sources */ = {isa = PBXBuildFile; fileRef = 11E51128CC37D446E9B3634D /* TracksViewModelTests.swift */; };
		CF662F890AEBEE98A2B06936 /* AppLoggerTests.swift in Sources */ = {isa = PBXBuildFile; fileRef = 8B64EE7F110DC23AF67E1AFA /* AppLoggerTests.swift */; };
		D376AD0CF2E8518F2B7AEC32 /* SingleInstanceTests.swift in Sources */ = {isa = PBXBuildFile; fileRef = 3D1CAA6A918DE471019AB205 /* SingleInstanceTests.swift */; };
		D4FF663D31850CABBFD89C5A /* AlbumsViewModelTests.swift in Sources */ = {isa = PBXBuildFile; fileRef = 82F9CA039EA2E967BAA21F51 /* AlbumsViewModelTests.swift */; };
		D53EDE6FD10273FA288C97C5 /* NOTICES.md in Resources */ = {isa = PBXBuildFile; fileRef = 8DE7AE70CABE9E93BDBE5955 /* NOTICES.md */; };
		D701A2A8AEC607A004E1E950 /* libavformat.62.dylib in Resources */ = {isa = PBXBuildFile; fileRef = C8B44F463A6E3D8189D6553D /* libavformat.62.dylib */; };
		DD47FACC42CEB355BF55BF61 /* UI in Frameworks */ = {isa = PBXBuildFile; productRef = A162527B2B2B56BFB7154789 /* UI */; };
		DDC6FD5FC258C4D93149F2AF /* RootView.swift in Sources */ = {isa = PBXBuildFile; fileRef = 3D8E8EC191BDB21827F3BBAE /* RootView.swift */; };
		E35E79D78CD98460FFC6438E /* VoiceOverTests.swift in Sources */ = {isa = PBXBuildFile; fileRef = 17FF1E3BA678E73279A2BB44 /* VoiceOverTests.swift */; };
		E64501B0250A9E9F74BEB98D /* Persistence in Frameworks */ = {isa = PBXBuildFile; productRef = 4C4CFA157601C8EA52079F84 /* Persistence */; };
		E97F656EB92A9BEF410F136A /* TagEditorViewModelCoverArtTests.swift in Sources */ = {isa = PBXBuildFile; fileRef = EEE4418B4A2222EEC024FF83 /* TagEditorViewModelCoverArtTests.swift */; };
		E9D73AC4A0D73B8AB048FE22 /* PrivacyInfo.xcprivacy in Resources */ = {isa = PBXBuildFile; fileRef = 2DB88DBD9C7383F071E14E0A /* PrivacyInfo.xcprivacy */; };
		F15BD1977564114CD73DEA3F /* LibraryViewModelDeleteFromDiskTests.swift in Sources */ = {isa = PBXBuildFile; fileRef = 22ABB61CDA09CFEAD5A710DC /* LibraryViewModelDeleteFromDiskTests.swift */; };
		F3D833ADDEE61DD7224FEC9B /* RuleBuilderViewValidationTests.swift in Sources */ = {isa = PBXBuildFile; fileRef = 8F7E8AA1C53EF99B1B37A2B8 /* RuleBuilderViewValidationTests.swift */; };
		FB5FF711E8BD55C735CF5F0D /* UpdateController.swift in Sources */ = {isa = PBXBuildFile; fileRef = FD18A2E69E819F5845E511F3 /* UpdateController.swift */; };
/* End PBXBuildFile section */

/* Begin PBXFileReference section */
		0BA06444E0E71CD641790EEF /* Bocan.app */ = {isa = PBXFileReference; explicitFileType = wrapper.application; includeInIndex = 0; path = Bocan.app; sourceTree = BUILT_PRODUCTS_DIR; };
		0F1F8836F6CA2AB271F7EF7E /* DSPViewModelTests.swift */ = {isa = PBXFileReference; lastKnownFileType = sourcecode.swift; path = DSPViewModelTests.swift; sourceTree = "<group>"; };
		10497567C431D6A1E5AE1805 /* libSvtAv1Enc.4.dylib */ = {isa = PBXFileReference; lastKnownFileType = "compiled.mach-o.dylib"; path = libSvtAv1Enc.4.dylib; sourceTree = "<group>"; };
		11E51128CC37D446E9B3634D /* TracksViewModelTests.swift */ = {isa = PBXFileReference; lastKnownFileType = sourcecode.swift; path = TracksViewModelTests.swift; sourceTree = "<group>"; };
		12537730024981AF312B087F /* libssl.3.dylib */ = {isa = PBXFileReference; lastKnownFileType = "compiled.mach-o.dylib"; path = libssl.3.dylib; sourceTree = "<group>"; };
		17FF1E3BA678E73279A2BB44 /* VoiceOverTests.swift */ = {isa = PBXFileReference; lastKnownFileType = sourcecode.swift; path = VoiceOverTests.swift; sourceTree = "<group>"; };
		186F049CE6669E44D287954A /* SearchViewModelTests.swift */ = {isa = PBXFileReference; lastKnownFileType = sourcecode.swift; path = SearchViewModelTests.swift; sourceTree = "<group>"; };
		195A48BE28C07366C7A280FC /* libavutil.60.dylib */ = {isa = PBXFileReference; lastKnownFileType = "compiled.mach-o.dylib"; path = libavutil.60.dylib; sourceTree = "<group>"; };
		1ACE57B7C3E8393E36758EBA /* AppDelegate+DockMenu.swift */ = {isa = PBXFileReference; lastKnownFileType = sourcecode.swift; path = "AppDelegate+DockMenu.swift"; sourceTree = "<group>"; };
		2281C47BF7969849A1BCBFA6 /* ReduceTransparencyTests.swift */ = {isa = PBXFileReference; lastKnownFileType = sourcecode.swift; path = ReduceTransparencyTests.swift; sourceTree = "<group>"; };
		22ABB61CDA09CFEAD5A710DC /* LibraryViewModelDeleteFromDiskTests.swift */ = {isa = PBXFileReference; lastKnownFileType = sourcecode.swift; path = LibraryViewModelDeleteFromDiskTests.swift; sourceTree = "<group>"; };
		2DB88DBD9C7383F071E14E0A /* PrivacyInfo.xcprivacy */ = {isa = PBXFileReference; path = PrivacyInfo.xcprivacy; sourceTree = "<group>"; };
		30F7FC1DB9D43070D64142C0 /* PlaylistSidebarViewModelTests.swift */ = {isa = PBXFileReference; lastKnownFileType = sourcecode.swift; path = PlaylistSidebarViewModelTests.swift; sourceTree = "<group>"; };
		38D3908A7CD0D2A9A3BA7A60 /* VolumeIcon.icns */ = {isa = PBXFileReference; lastKnownFileType = image.icns; path = VolumeIcon.icns; sourceTree = "<group>"; };
		3AB7C159C37D262541974E75 /* Assets.xcassets */ = {isa = PBXFileReference; lastKnownFileType = folder.assetcatalog; path = Assets.xcassets; sourceTree = "<group>"; };
		3D1CAA6A918DE471019AB205 /* SingleInstanceTests.swift */ = {isa = PBXFileReference; lastKnownFileType = sourcecode.swift; path = SingleInstanceTests.swift; sourceTree = "<group>"; };
		3D4AE0034D5FCF6A0BB9DD4B /* AppIcon.icns */ = {isa = PBXFileReference; lastKnownFileType = image.icns; path = AppIcon.icns; sourceTree = "<group>"; };
		3D8E8EC191BDB21827F3BBAE /* RootView.swift */ = {isa = PBXFileReference; lastKnownFileType = sourcecode.swift; path = RootView.swift; sourceTree = "<group>"; };
		4184573B514D5001203CDC8F /* libchromaprint.1.dylib */ = {isa = PBXFileReference; lastKnownFileType = "compiled.mach-o.dylib"; path = libchromaprint.1.dylib; sourceTree = "<group>"; };
		488EF7013DA7577BAC57223F /* DynamicTypeTests.swift */ = {isa = PBXFileReference; lastKnownFileType = sourcecode.swift; path = DynamicTypeTests.swift; sourceTree = "<group>"; };
		4974E7D03EB41C73C23C1851 /* TracksViewRemoveFromPlaylistConfirmationTests.swift */ = {isa = PBXFileReference; lastKnownFileType = sourcecode.swift; path = TracksViewRemoveFromPlaylistConfirmationTests.swift; sourceTree = "<group>"; };
		5176B1403032D73D9D52B246 /* dmg-background.png */ = {isa = PBXFileReference; lastKnownFileType = image.png; path = "dmg-background.png"; sourceTree = "<group>"; };
		5F9290FC0C85BA0735CCF7F2 /* HelpWindowView.swift */ = {isa = PBXFileReference; lastKnownFileType = sourcecode.swift; path = HelpWindowView.swift; sourceTree = "<group>"; };
		601E8DA997D3DBE53B2FE143 /* SmartPlaylistDetailViewModelTests.swift */ = {isa = PBXFileReference; lastKnownFileType = sourcecode.swift; path = SmartPlaylistDetailViewModelTests.swift; sourceTree = "<group>"; };
		64E3CB22079D5B857F200875 /* NowPlayingViewModelTests.swift */ = {isa = PBXFileReference; lastKnownFileType = sourcecode.swift; path = NowPlayingViewModelTests.swift; sourceTree = "<group>"; };
		6C8BD227AC55BA870F3E55D5 /* libmp3lame.0.dylib */ = {isa = PBXFileReference; lastKnownFileType = "compiled.mach-o.dylib"; path = libmp3lame.0.dylib; sourceTree = "<group>"; };
		6E014B4987A60B08F6DE299A /* Persistence */ = {isa = PBXFileReference; lastKnownFileType = folder; name = Persistence; path = Modules/Persistence; sourceTree = SOURCE_ROOT; };
		793B0EF76ECE1435160C2F32 /* libopus.0.dylib */ = {isa = PBXFileReference; lastKnownFileType = "compiled.mach-o.dylib"; path = libopus.0.dylib; sourceTree = "<group>"; };
		7D0D4EFCB376B3DF15EEC533 /* BocanTests.xctest */ = {isa = PBXFileReference; explicitFileType = wrapper.cfbundle; includeInIndex = 0; path = BocanTests.xctest; sourceTree = BUILT_PRODUCTS_DIR; };
		82F9CA039EA2E967BAA21F51 /* AlbumsViewModelTests.swift */ = {isa = PBXFileReference; lastKnownFileType = sourcecode.swift; path = AlbumsViewModelTests.swift; sourceTree = "<group>"; };
		8312FA03D246CA845C348E77 /* Playback */ = {isa = PBXFileReference; lastKnownFileType = folder; name = Playback; path = Modules/Playback; sourceTree = SOURCE_ROOT; };
		86609285677EA66C846D3FDC /* QuitGuardStateTests.swift */ = {isa = PBXFileReference; lastKnownFileType = sourcecode.swift; path = QuitGuardStateTests.swift; sourceTree = "<group>"; };
		8929B62314FB8D67123CC447 /* PlaylistDetailViewModelTests.swift */ = {isa = PBXFileReference; lastKnownFileType = sourcecode.swift; path = PlaylistDetailViewModelTests.swift; sourceTree = "<group>"; };
		8A1792042403A11B4E098A3A /* BocanCommands.swift */ = {isa = PBXFileReference; lastKnownFileType = sourcecode.swift; path = BocanCommands.swift; sourceTree = "<group>"; };
		8B64EE7F110DC23AF67E1AFA /* AppLoggerTests.swift */ = {isa = PBXFileReference; lastKnownFileType = sourcecode.swift; path = AppLoggerTests.swift; sourceTree = "<group>"; };
		8C85F460580B049360716FE5 /* Observability */ = {isa = PBXFileReference; lastKnownFileType = folder; name = Observability; path = Modules/Observability; sourceTree = SOURCE_ROOT; };
		8DE7AE70CABE9E93BDBE5955 /* NOTICES.md */ = {isa = PBXFileReference; lastKnownFileType = net.daringfireball.markdown; path = NOTICES.md; sourceTree = "<group>"; };
		8F7E8AA1C53EF99B1B37A2B8 /* RuleBuilderViewValidationTests.swift */ = {isa = PBXFileReference; lastKnownFileType = sourcecode.swift; path = RuleBuilderViewValidationTests.swift; sourceTree = "<group>"; };
		92F911DF68929D5E17148259 /* VisualizerViewModelTests.swift */ = {isa = PBXFileReference; lastKnownFileType = sourcecode.swift; path = VisualizerViewModelTests.swift; sourceTree = "<group>"; };
		96DE902847E1307A6BBABDDC /* libswresample.6.dylib */ = {isa = PBXFileReference; lastKnownFileType = "compiled.mach-o.dylib"; path = libswresample.6.dylib; sourceTree = "<group>"; };
		9BBAA3D7563E34731CF32FDE /* LibraryViewModelToastTests.swift */ = {isa = PBXFileReference; lastKnownFileType = sourcecode.swift; path = LibraryViewModelToastTests.swift; sourceTree = "<group>"; };
		A48BC953E0F409019C6F855F /* NoticesWindowView.swift */ = {isa = PBXFileReference; lastKnownFileType = sourcecode.swift; path = NoticesWindowView.swift; sourceTree = "<group>"; };
		A7C07D1BD23764E524C5E631 /* libdav1d.7.dylib */ = {isa = PBXFileReference; lastKnownFileType = "compiled.mach-o.dylib"; path = libdav1d.7.dylib; sourceTree = "<group>"; };
		A9999948FAD8FF8EE311BC9A /* fpcalc */ = {isa = PBXFileReference; path = fpcalc; sourceTree = "<group>"; };
		B4F9A42729E5EFAA6A91F042 /* BocanApp.swift */ = {isa = PBXFileReference; lastKnownFileType = sourcecode.swift; path = BocanApp.swift; sourceTree = "<group>"; };
		B6A9FE99C1399ECBBA9D4681 /* Lifecycle.swift */ = {isa = PBXFileReference; lastKnownFileType = sourcecode.swift; path = Lifecycle.swift; sourceTree = "<group>"; };
		B9F344DDAC11E38DE1697304 /* Acoustics */ = {isa = PBXFileReference; lastKnownFileType = folder; name = Acoustics; path = Modules/Acoustics; sourceTree = SOURCE_ROOT; };
		BE5BAA30AA4420B9BDC03C81 /* SmokeTests.swift */ = {isa = PBXFileReference; lastKnownFileType = sourcecode.swift; path = SmokeTests.swift; sourceTree = "<group>"; };
		C1DE49AE8BEADA5F7A3D8406 /* LaunchSanity.swift */ = {isa = PBXFileReference; lastKnownFileType = sourcecode.swift; path = LaunchSanity.swift; sourceTree = "<group>"; };
		C4262BE7B022BB4DC4BDA75C /* SingleInstance.swift */ = {isa = PBXFileReference; lastKnownFileType = sourcecode.swift; path = SingleInstance.swift; sourceTree = "<group>"; };
		C8B44F463A6E3D8189D6553D /* libavformat.62.dylib */ = {isa = PBXFileReference; lastKnownFileType = "compiled.mach-o.dylib"; path = libavformat.62.dylib; sourceTree = "<group>"; };
		CC0A39F8A3F03E93D2B4B849 /* libx265.216.dylib */ = {isa = PBXFileReference; lastKnownFileType = "compiled.mach-o.dylib"; path = libx265.216.dylib; sourceTree = "<group>"; };
		D2389E70DB249B9953B85CD4 /* AudioEngine */ = {isa = PBXFileReference; lastKnownFileType = folder; name = AudioEngine; path = Modules/AudioEngine; sourceTree = SOURCE_ROOT; };
		D83A27BDC0A44ED576CBDE8C /* LaunchAtLoginController.swift */ = {isa = PBXFileReference; lastKnownFileType = sourcecode.swift; path = LaunchAtLoginController.swift; sourceTree = "<group>"; };
		D9B5B3110CE7BC30E8122BE8 /* UI */ = {isa = PBXFileReference; lastKnownFileType = folder; name = UI; path = Modules/UI; sourceTree = SOURCE_ROOT; };
		DF5ADAFD0499127461E0702F /* libvpx.12.dylib */ = {isa = PBXFileReference; lastKnownFileType = "compiled.mach-o.dylib"; path = libvpx.12.dylib; sourceTree = "<group>"; };
		E3C3D9C828BB06085A4E0EA5 /* dmg-background@2x.png */ = {isa = PBXFileReference; lastKnownFileType = image.png; path = "dmg-background@2x.png"; sourceTree = "<group>"; };
		E4807631780E7B75DB867E0E /* ReduceMotionTests.swift */ = {isa = PBXFileReference; lastKnownFileType = sourcecode.swift; path = ReduceMotionTests.swift; sourceTree = "<group>"; };
		E49CDFBDDA8CA1C27167FD94 /* ContrastTests.swift */ = {isa = PBXFileReference; lastKnownFileType = sourcecode.swift; path = ContrastTests.swift; sourceTree = "<group>"; };
		E86C2B2FF5D1DDE98868F4E4 /* DebugAudioView.swift */ = {isa = PBXFileReference; lastKnownFileType = sourcecode.swift; path = DebugAudioView.swift; sourceTree = "<group>"; };
		EA774AB72CC95F420281D172 /* Scrobble */ = {isa = PBXFileReference; lastKnownFileType = folder; name = Scrobble; path = Modules/Scrobble; sourceTree = SOURCE_ROOT; };
		EAE5B0E69C35644EFB27D606 /* libx264.165.dylib */ = {isa = PBXFileReference; lastKnownFileType = "compiled.mach-o.dylib"; path = libx264.165.dylib; sourceTree = "<group>"; };
		EEDD41F65D6F6874C9441E67 /* BocanUITests.xctest */ = {isa = PBXFileReference; explicitFileType = wrapper.cfbundle; includeInIndex = 0; path = BocanUITests.xctest; sourceTree = BUILT_PRODUCTS_DIR; };
		EEE4418B4A2222EEC024FF83 /* TagEditorViewModelCoverArtTests.swift */ = {isa = PBXFileReference; lastKnownFileType = sourcecode.swift; path = TagEditorViewModelCoverArtTests.swift; sourceTree = "<group>"; };
		EF3F911D33E1092BD960EF92 /* libcrypto.3.dylib */ = {isa = PBXFileReference; lastKnownFileType = "compiled.mach-o.dylib"; path = libcrypto.3.dylib; sourceTree = "<group>"; };
		EF6CEBB0A8EA190CE746448B /* libavcodec.62.dylib */ = {isa = PBXFileReference; lastKnownFileType = "compiled.mach-o.dylib"; path = libavcodec.62.dylib; sourceTree = "<group>"; };
		F401487E6DE506B5348C7F94 /* Library */ = {isa = PBXFileReference; lastKnownFileType = folder; name = Library; path = Modules/Library; sourceTree = SOURCE_ROOT; };
		FD18A2E69E819F5845E511F3 /* UpdateController.swift */ = {isa = PBXFileReference; lastKnownFileType = sourcecode.swift; path = UpdateController.swift; sourceTree = "<group>"; };
		"TEMP_DBD2E353-8B6B-44C5-8B73-DE9D88C21A2B" /* Secrets.xcconfig */ = {isa = PBXFileReference; lastKnownFileType = text.xcconfig; path = Secrets.xcconfig; sourceTree = "<group>"; };
/* End PBXFileReference section */

/* Begin PBXFrameworksBuildPhase section */
		2EA58E03C6A26F8E2B491726 /* Frameworks */ = {
			isa = PBXFrameworksBuildPhase;
			buildActionMask = 2147483647;
			files = (
				171ED43E8939DABF4D9DB1E8 /* Sparkle in Frameworks */,
				8648C9B6A91C206B360C67EB /* Observability in Frameworks */,
				9C385BADF495477668F1AA60 /* AudioEngine in Frameworks */,
				905B83A145C60C115F496A91 /* Persistence in Frameworks */,
				2F10190EBC449B79B6806730 /* Playback in Frameworks */,
				0930C3F6FA5F345B5A26F234 /* Library in Frameworks */,
				AE7DBDB3DD4836389E11BAC5 /* Acoustics in Frameworks */,
				251364DE7069EC1D663C49E1 /* Scrobble in Frameworks */,
				9B60DEC59F8E4D4A133B1CAF /* UI in Frameworks */,
			);
			runOnlyForDeploymentPostprocessing = 0;
		};
		2F914A7E293300346A70862B /* Frameworks */ = {
			isa = PBXFrameworksBuildPhase;
			buildActionMask = 2147483647;
			files = (
				0F2FCA653E60B83CF8AA8469 /* Observability in Frameworks */,
				E64501B0250A9E9F74BEB98D /* Persistence in Frameworks */,
				53AE8C17F55F8BDC0BCD4BDD /* AudioEngine in Frameworks */,
				7FA36AE37C84A3C2924AFBB2 /* Playback in Frameworks */,
				DD47FACC42CEB355BF55BF61 /* UI in Frameworks */,
			);
			runOnlyForDeploymentPostprocessing = 0;
		};
/* End PBXFrameworksBuildPhase section */

/* Begin PBXGroup section */
		0D95A2CB58951EF13BCFC1DB /* Modules */ = {
			isa = PBXGroup;
			children = (
				8A6EBFBDE9871CAA33430EC6 /* Observability */,
				4B24CE9F63630943AE54BB89 /* UI */,
			);
			path = Modules;
			sourceTree = "<group>";
		};
		13C2660B7453561F1366516C /* Products */ = {
			isa = PBXGroup;
			children = (
				0BA06444E0E71CD641790EEF /* Bocan.app */,
				7D0D4EFCB376B3DF15EEC533 /* BocanTests.xctest */,
				EEDD41F65D6F6874C9441E67 /* BocanUITests.xctest */,
			);
			name = Products;
			sourceTree = "<group>";
		};
		4B24CE9F63630943AE54BB89 /* UI */ = {
			isa = PBXGroup;
			children = (
				D57A36653BBE507583D054C5 /* Tests */,
			);
			path = UI;
			sourceTree = "<group>";
		};
		52CE35085C7C0EC9FA44F7DB /* Tests */ = {
			isa = PBXGroup;
			children = (
				C2CF6EB7F9228E98B840DE93 /* ObservabilityTests */,
			);
			path = Tests;
			sourceTree = "<group>";
		};
		5D04F17B59F05CEBF50A5476 = {
			isa = PBXGroup;
			children = (
				B087DD42CE6797CF29123E28 /* App */,
				0D95A2CB58951EF13BCFC1DB /* Modules */,
				8BF57F4CB14DAF0B974A3D88 /* Packages */,
				8D4843DBE6F26EDA773846C8 /* Resources */,
				70CA241CBFA9841FE4B0F7A1 /* Tests */,
				A9C0239AEA134BDEE9F90258 /* UITests */,
				8DE7AE70CABE9E93BDBE5955 /* NOTICES.md */,
				13C2660B7453561F1366516C /* Products */,
			);
			sourceTree = "<group>";
		};
		70CA241CBFA9841FE4B0F7A1 /* Tests */ = {
			isa = PBXGroup;
			children = (
				FC8E35E60570B9008AEA437F /* AppTests */,
			);
			path = Tests;
			sourceTree = "<group>";
		};
		786B33525941B9BCFD121E37 /* UITests */ = {
			isa = PBXGroup;
			children = (
				8292D7B9FF49B525CC2617E4 /* ViewModelTests */,
			);
			path = UITests;
			sourceTree = "<group>";
		};
		8292D7B9FF49B525CC2617E4 /* ViewModelTests */ = {
			isa = PBXGroup;
			children = (
				82F9CA039EA2E967BAA21F51 /* AlbumsViewModelTests.swift */,
				E49CDFBDDA8CA1C27167FD94 /* ContrastTests.swift */,
				0F1F8836F6CA2AB271F7EF7E /* DSPViewModelTests.swift */,
				488EF7013DA7577BAC57223F /* DynamicTypeTests.swift */,
				22ABB61CDA09CFEAD5A710DC /* LibraryViewModelDeleteFromDiskTests.swift */,
				9BBAA3D7563E34731CF32FDE /* LibraryViewModelToastTests.swift */,
				64E3CB22079D5B857F200875 /* NowPlayingViewModelTests.swift */,
				8929B62314FB8D67123CC447 /* PlaylistDetailViewModelTests.swift */,
				30F7FC1DB9D43070D64142C0 /* PlaylistSidebarViewModelTests.swift */,
				86609285677EA66C846D3FDC /* QuitGuardStateTests.swift */,
				E4807631780E7B75DB867E0E /* ReduceMotionTests.swift */,
				2281C47BF7969849A1BCBFA6 /* ReduceTransparencyTests.swift */,
				8F7E8AA1C53EF99B1B37A2B8 /* RuleBuilderViewValidationTests.swift */,
				186F049CE6669E44D287954A /* SearchViewModelTests.swift */,
				601E8DA997D3DBE53B2FE143 /* SmartPlaylistDetailViewModelTests.swift */,
				EEE4418B4A2222EEC024FF83 /* TagEditorViewModelCoverArtTests.swift */,
				11E51128CC37D446E9B3634D /* TracksViewModelTests.swift */,
				4974E7D03EB41C73C23C1851 /* TracksViewRemoveFromPlaylistConfirmationTests.swift */,
				92F911DF68929D5E17148259 /* VisualizerViewModelTests.swift */,
				17FF1E3BA678E73279A2BB44 /* VoiceOverTests.swift */,
			);
			path = ViewModelTests;
			sourceTree = "<group>";
		};
		8A6EBFBDE9871CAA33430EC6 /* Observability */ = {
			isa = PBXGroup;
			children = (
				52CE35085C7C0EC9FA44F7DB /* Tests */,
			);
			path = Observability;
			sourceTree = "<group>";
		};
		8BF57F4CB14DAF0B974A3D88 /* Packages */ = {
			isa = PBXGroup;
			children = (
				B9F344DDAC11E38DE1697304 /* Acoustics */,
				D2389E70DB249B9953B85CD4 /* AudioEngine */,
				F401487E6DE506B5348C7F94 /* Library */,
				8C85F460580B049360716FE5 /* Observability */,
				6E014B4987A60B08F6DE299A /* Persistence */,
				8312FA03D246CA845C348E77 /* Playback */,
				EA774AB72CC95F420281D172 /* Scrobble */,
				D9B5B3110CE7BC30E8122BE8 /* UI */,
			);
			name = Packages;
			sourceTree = "<group>";
		};
		8D4843DBE6F26EDA773846C8 /* Resources */ = {
			isa = PBXGroup;
			children = (
				B5B729F3EDE8E80E12EADB47 /* Distribution */,
				3D4AE0034D5FCF6A0BB9DD4B /* AppIcon.icns */,
				3AB7C159C37D262541974E75 /* Assets.xcassets */,
				A9999948FAD8FF8EE311BC9A /* fpcalc */,
				EF6CEBB0A8EA190CE746448B /* libavcodec.62.dylib */,
				C8B44F463A6E3D8189D6553D /* libavformat.62.dylib */,
				195A48BE28C07366C7A280FC /* libavutil.60.dylib */,
				4184573B514D5001203CDC8F /* libchromaprint.1.dylib */,
				EF3F911D33E1092BD960EF92 /* libcrypto.3.dylib */,
				A7C07D1BD23764E524C5E631 /* libdav1d.7.dylib */,
				6C8BD227AC55BA870F3E55D5 /* libmp3lame.0.dylib */,
				793B0EF76ECE1435160C2F32 /* libopus.0.dylib */,
				12537730024981AF312B087F /* libssl.3.dylib */,
				10497567C431D6A1E5AE1805 /* libSvtAv1Enc.4.dylib */,
				96DE902847E1307A6BBABDDC /* libswresample.6.dylib */,
				DF5ADAFD0499127461E0702F /* libvpx.12.dylib */,
				EAE5B0E69C35644EFB27D606 /* libx264.165.dylib */,
				CC0A39F8A3F03E93D2B4B849 /* libx265.216.dylib */,
				2DB88DBD9C7383F071E14E0A /* PrivacyInfo.xcprivacy */,
			);
			path = Resources;
			sourceTree = "<group>";
		};
		A9C0239AEA134BDEE9F90258 /* UITests */ = {
			isa = PBXGroup;
			children = (
				BE5BAA30AA4420B9BDC03C81 /* SmokeTests.swift */,
			);
			path = UITests;
			sourceTree = "<group>";
		};
		B087DD42CE6797CF29123E28 /* App */ = {
			isa = PBXGroup;
			children = (
				FB1D4271F6C19DB4C67ED551 /* Updates */,
				1ACE57B7C3E8393E36758EBA /* AppDelegate+DockMenu.swift */,
				B4F9A42729E5EFAA6A91F042 /* BocanApp.swift */,
				8A1792042403A11B4E098A3A /* BocanCommands.swift */,
				E86C2B2FF5D1DDE98868F4E4 /* DebugAudioView.swift */,
				5F9290FC0C85BA0735CCF7F2 /* HelpWindowView.swift */,
				D83A27BDC0A44ED576CBDE8C /* LaunchAtLoginController.swift */,
				C1DE49AE8BEADA5F7A3D8406 /* LaunchSanity.swift */,
				B6A9FE99C1399ECBBA9D4681 /* Lifecycle.swift */,
				A48BC953E0F409019C6F855F /* NoticesWindowView.swift */,
				3D8E8EC191BDB21827F3BBAE /* RootView.swift */,
				C4262BE7B022BB4DC4BDA75C /* SingleInstance.swift */,
			);
			path = App;
			sourceTree = "<group>";
		};
		B5B729F3EDE8E80E12EADB47 /* Distribution */ = {
			isa = PBXGroup;
			children = (
				5176B1403032D73D9D52B246 /* dmg-background.png */,
				E3C3D9C828BB06085A4E0EA5 /* dmg-background@2x.png */,
				38D3908A7CD0D2A9A3BA7A60 /* VolumeIcon.icns */,
			);
			path = Distribution;
			sourceTree = "<group>";
		};
		C2CF6EB7F9228E98B840DE93 /* ObservabilityTests */ = {
			isa = PBXGroup;
			children = (
				8B64EE7F110DC23AF67E1AFA /* AppLoggerTests.swift */,
			);
			path = ObservabilityTests;
			sourceTree = "<group>";
		};
		D57A36653BBE507583D054C5 /* Tests */ = {
			isa = PBXGroup;
			children = (
				786B33525941B9BCFD121E37 /* UITests */,
			);
			path = Tests;
			sourceTree = "<group>";
		};
		FB1D4271F6C19DB4C67ED551 /* Updates */ = {
			isa = PBXGroup;
			children = (
				FD18A2E69E819F5845E511F3 /* UpdateController.swift */,
			);
			path = Updates;
			sourceTree = "<group>";
		};
		FC8E35E60570B9008AEA437F /* AppTests */ = {
			isa = PBXGroup;
			children = (
				3D1CAA6A918DE471019AB205 /* SingleInstanceTests.swift */,
			);
			path = AppTests;
			sourceTree = "<group>";
		};
		"TEMP_F7A00FAD-7511-4D7A-9833-36CCC218E175" /* bocan-music */ = {
			isa = PBXGroup;
			children = (
				"TEMP_DBD2E353-8B6B-44C5-8B73-DE9D88C21A2B" /* Secrets.xcconfig */,
			);
			path = "bocan-music";
			sourceTree = "<group>";
		};
/* End PBXGroup section */

/* Begin PBXNativeTarget section */
		A0B4B021CE6EED7390E85E12 /* Bocan */ = {
			isa = PBXNativeTarget;
			buildConfigurationList = 215193F3C85CF7D6A68AEC6C /* Build configuration list for PBXNativeTarget "Bocan" */;
			buildPhases = (
				AB311EDEC8B6631D332FD11A /* Copy and Index Help Book */,
				428BDF1EC190C6BB2C2652D6 /* Sources */,
				0B57795DC3D65C37EB221A3D /* Resources */,
				2EA58E03C6A26F8E2B491726 /* Frameworks */,
			);
			buildRules = (
			);
			dependencies = (
			);
			name = Bocan;
			packageProductDependencies = (
				4BD8C9A8D2F5753BB057397D /* Sparkle */,
				4471527EBD815A0F4817C396 /* Observability */,
				EE0BAD633E96C7812391D0FE /* AudioEngine */,
				EFCF37422883F3C0CF718D56 /* Persistence */,
				E05BB587A6FC66933F79D585 /* Playback */,
				D12DF4C04E3DB095C79E72AA /* Library */,
				66DA699183F712D5B228B317 /* Acoustics */,
				7958F5C62AD395861A62A40B /* Scrobble */,
				D1ABAB928B628AE14B24A3B8 /* UI */,
			);
			productName = Bocan;
			productReference = 0BA06444E0E71CD641790EEF /* Bocan.app */;
			productType = "com.apple.product-type.application";
		};
		AA04E90B83F0999C792EC217 /* BocanUITests */ = {
			isa = PBXNativeTarget;
			buildConfigurationList = 676EAFBEB657EB9275F1B30A /* Build configuration list for PBXNativeTarget "BocanUITests" */;
			buildPhases = (
				AD93F5013898F14C57F32CD0 /* Sources */,
			);
			buildRules = (
			);
			dependencies = (
			);
			name = BocanUITests;
			packageProductDependencies = (
			);
			productName = BocanUITests;
			productReference = EEDD41F65D6F6874C9441E67 /* BocanUITests.xctest */;
			productType = "com.apple.product-type.bundle.ui-testing";
		};
		B7FEE840BECC122A6CC41E10 /* BocanTests */ = {
			isa = PBXNativeTarget;
			buildConfigurationList = F84F38D8574066831E4B2C14 /* Build configuration list for PBXNativeTarget "BocanTests" */;
			buildPhases = (
				1ED7F30C67656A463D4AA900 /* Sources */,
				2F914A7E293300346A70862B /* Frameworks */,
			);
			buildRules = (
			);
			dependencies = (
			);
			name = BocanTests;
			packageProductDependencies = (
				8F629E8B78D37805428363DA /* Observability */,
				4C4CFA157601C8EA52079F84 /* Persistence */,
				441F05155B692DC6D6F30264 /* AudioEngine */,
				725067C07C4341529B60581F /* Playback */,
				A162527B2B2B56BFB7154789 /* UI */,
			);
			productName = BocanTests;
			productReference = 7D0D4EFCB376B3DF15EEC533 /* BocanTests.xctest */;
			productType = "com.apple.product-type.bundle.unit-test";
		};
/* End PBXNativeTarget section */

/* Begin PBXProject section */
		88D818C6C82ED904B269B377 /* Project object */ = {
			isa = PBXProject;
			attributes = {
				BuildIndependentTargetsInParallel = YES;
				LastUpgradeCheck = 2600;
				TargetAttributes = {
					AA04E90B83F0999C792EC217 = {
						TestTargetID = A0B4B021CE6EED7390E85E12;
					};
				};
			};
			buildConfigurationList = 9A8D325D36AD402573FFEA0D /* Build configuration list for PBXProject "Bocan" */;
			developmentRegion = en;
			hasScannedForEncodings = 0;
			knownRegions = (
				Base,
				en,
			);
			mainGroup = 5D04F17B59F05CEBF50A5476;
			minimizedProjectReferenceProxies = 1;
			packageReferences = (
				989A8700FC0094AE2DD92144 /* XCRemoteSwiftPackageReference "Sparkle" */,
				88F22A7297DE63DC36E97CB5 /* XCLocalSwiftPackageReference "Modules/Acoustics" */,
				A17D0542DA503F381C619312 /* XCLocalSwiftPackageReference "Modules/AudioEngine" */,
				29FFCEC96A9AD74E175B26CD /* XCLocalSwiftPackageReference "Modules/Library" */,
				DC0F5EA22CB5FAA327417C6B /* XCLocalSwiftPackageReference "Modules/Observability" */,
				73929B74C971FA1861E7E569 /* XCLocalSwiftPackageReference "Modules/Persistence" */,
				166FA01824FE15FCD4D4D28B /* XCLocalSwiftPackageReference "Modules/Playback" */,
				3B5F2EF875A6F6FFF55F7ACB /* XCLocalSwiftPackageReference "Modules/Scrobble" */,
				FE6D5E7CC473CB3FE993F62B /* XCLocalSwiftPackageReference "Modules/UI" */,
			);
			preferredProjectObjectVersion = 77;
			productRefGroup = 13C2660B7453561F1366516C /* Products */;
			projectDirPath = "";
			projectRoot = "";
			targets = (
				A0B4B021CE6EED7390E85E12 /* Bocan */,
				B7FEE840BECC122A6CC41E10 /* BocanTests */,
				AA04E90B83F0999C792EC217 /* BocanUITests */,
			);
		};
/* End PBXProject section */

/* Begin PBXResourcesBuildPhase section */
		0B57795DC3D65C37EB221A3D /* Resources */ = {
			isa = PBXResourcesBuildPhase;
			buildActionMask = 2147483647;
			files = (
				497105A9654862C212C4BDB1 /* AppIcon.icns in Resources */,
				0AAC9D550A9EDA832050335F /* Assets.xcassets in Resources */,
				D53EDE6FD10273FA288C97C5 /* NOTICES.md in Resources */,
				E9D73AC4A0D73B8AB048FE22 /* PrivacyInfo.xcprivacy in Resources */,
				107172A0A726B4E657128E0E /* VolumeIcon.icns in Resources */,
				2951251A22331F41815417C1 /* dmg-background.png in Resources */,
				360ACF651075DD2E38C74853 /* dmg-background@2x.png in Resources */,
				5F463887C3D0E059B4CDE351 /* fpcalc in Resources */,
				146E67FA9E1B65EC2CB4F01E /* libSvtAv1Enc.4.dylib in Resources */,
				CBD0BE1B05F022914A7025B6 /* libavcodec.62.dylib in Resources */,
				D701A2A8AEC607A004E1E950 /* libavformat.62.dylib in Resources */,
				C60B8E502240CEA18C5EC019 /* libavutil.60.dylib in Resources */,
				66A006037FB3F8C99B2585CA /* libchromaprint.1.dylib in Resources */,
				61710529DAD3CE20DE867CA2 /* libcrypto.3.dylib in Resources */,
				2442A15E49DA0BC61C7B38E5 /* libdav1d.7.dylib in Resources */,
				7661707B6B4D0C5E0E16DCFF /* libmp3lame.0.dylib in Resources */,
				6C037B4EAD50B67AA02719E8 /* libopus.0.dylib in Resources */,
				1EFDD9F88E80C58502A416CC /* libssl.3.dylib in Resources */,
				117F164AC803AC6C6C2EC42C /* libswresample.6.dylib in Resources */,
				7A3494AA7B3FEA6EDBCFDD1B /* libvpx.12.dylib in Resources */,
				BF2E14746809D06614CA8246 /* libx264.165.dylib in Resources */,
				03AC0A68F60F1F314B6A68FA /* libx265.216.dylib in Resources */,
			);
			runOnlyForDeploymentPostprocessing = 0;
		};
/* End PBXResourcesBuildPhase section */

/* Begin PBXShellScriptBuildPhase section */
		AB311EDEC8B6631D332FD11A /* Copy and Index Help Book */ = {
			isa = PBXShellScriptBuildPhase;
			buildActionMask = 2147483647;
			files = (
			);
			inputFileListPaths = (
			);
			inputPaths = (
				"$(SRCROOT)/HelpBook/Bocan.help/Contents/Info.plist",
			);
			name = "Copy and Index Help Book";
			outputFileListPaths = (
			);
			outputPaths = (
				"$(BUILT_PRODUCTS_DIR)/$(CONTENTS_FOLDER_PATH)/Resources/Bocan.help/Contents/Info.plist",
			);
			runOnlyForDeploymentPostprocessing = 0;
			shellPath = /bin/sh;
			shellScript = "SRC=\"${SRCROOT}/HelpBook/Bocan.help\"\nDEST=\"${BUILT_PRODUCTS_DIR}/${CONTENTS_FOLDER_PATH}/Resources/Bocan.help\"\nif [[ -d \"$SRC\" ]]; then\n  rsync -a --delete \"$SRC/\" \"$DEST/\"\n  hiutil -C -a -f \"$DEST\" 2>/dev/null || true\nfi\n";
		};
/* End PBXShellScriptBuildPhase section */

/* Begin PBXSourcesBuildPhase section */
		1ED7F30C67656A463D4AA900 /* Sources */ = {
			isa = PBXSourcesBuildPhase;
			buildActionMask = 2147483647;
			files = (
				D4FF663D31850CABBFD89C5A /* AlbumsViewModelTests.swift in Sources */,
				CF662F890AEBEE98A2B06936 /* AppLoggerTests.swift in Sources */,
				5CFAFAFE675531C5E6AED98A /* ContrastTests.swift in Sources */,
				BC00576C8988893926D84C76 /* DSPViewModelTests.swift in Sources */,
				A5C6CD2B65EE340D89780C83 /* DynamicTypeTests.swift in Sources */,
				F15BD1977564114CD73DEA3F /* LibraryViewModelDeleteFromDiskTests.swift in Sources */,
				1A7E5FA27ADE29289C39EC19 /* LibraryViewModelToastTests.swift in Sources */,
				77F45CC96B5C6CCE9C3BF662 /* NowPlayingViewModelTests.swift in Sources */,
				5CBE9166A007819CF6F242ED /* PlaylistDetailViewModelTests.swift in Sources */,
				BBA841A811484687BE460646 /* PlaylistSidebarViewModelTests.swift in Sources */,
				C7A80E3167450AFA86AB6A2B /* QuitGuardStateTests.swift in Sources */,
				8A614DC6BC63667C9813552C /* ReduceMotionTests.swift in Sources */,
				84BAE5C2FAF57BE28E445749 /* ReduceTransparencyTests.swift in Sources */,
				F3D833ADDEE61DD7224FEC9B /* RuleBuilderViewValidationTests.swift in Sources */,
				0825DB354812A90F349CA0F5 /* SearchViewModelTests.swift in Sources */,
				7D8AD74E3C50474CA24958DC /* SingleInstance.swift in Sources */,
				D376AD0CF2E8518F2B7AEC32 /* SingleInstanceTests.swift in Sources */,
				B837875EEF2C22BF2BA2E01B /* SmartPlaylistDetailViewModelTests.swift in Sources */,
				E97F656EB92A9BEF410F136A /* TagEditorViewModelCoverArtTests.swift in Sources */,
				CDC6FA7516C4C15CBFBDF92F /* TracksViewModelTests.swift in Sources */,
				BEA7762AAF83D96A7AA9F607 /* TracksViewRemoveFromPlaylistConfirmationTests.swift in Sources */,
				C13058434C014C64CF041E04 /* VisualizerViewModelTests.swift in Sources */,
				E35E79D78CD98460FFC6438E /* VoiceOverTests.swift in Sources */,
			);
			runOnlyForDeploymentPostprocessing = 0;
		};
		428BDF1EC190C6BB2C2652D6 /* Sources */ = {
			isa = PBXSourcesBuildPhase;
			buildActionMask = 2147483647;
			files = (
				AE83F7B52E3E141F29952E6D /* AppDelegate+DockMenu.swift in Sources */,
				4F09E6E2D97B11F4A6C7AED4 /* BocanApp.swift in Sources */,
				B8271C1D9DA274E689DACA81 /* BocanCommands.swift in Sources */,
				83D1988AE70AF6C6F97FC1A3 /* DebugAudioView.swift in Sources */,
				396E0BCD608011A124CEB9BD /* HelpWindowView.swift in Sources */,
				AFC2291506F5C92F46B51EA3 /* LaunchAtLoginController.swift in Sources */,
				4048626C7584950E6D201081 /* LaunchSanity.swift in Sources */,
				CCA52E05E1A09E45F6450688 /* Lifecycle.swift in Sources */,
				26915B734070F50653BB0FB0 /* NoticesWindowView.swift in Sources */,
				DDC6FD5FC258C4D93149F2AF /* RootView.swift in Sources */,
				8898D5F54BEE976BF1FB21AD /* SingleInstance.swift in Sources */,
				FB5FF711E8BD55C735CF5F0D /* UpdateController.swift in Sources */,
			);
			runOnlyForDeploymentPostprocessing = 0;
		};
		AD93F5013898F14C57F32CD0 /* Sources */ = {
			isa = PBXSourcesBuildPhase;
			buildActionMask = 2147483647;
			files = (
				235DCEA8287BFE60BDFC1313 /* SmokeTests.swift in Sources */,
			);
			runOnlyForDeploymentPostprocessing = 0;
		};
/* End PBXSourcesBuildPhase section */

/* Begin XCBuildConfiguration section */
		0D829C779065DF873966545B /* Release */ = {
			isa = XCBuildConfiguration;
			buildSettings = {
				BUNDLE_LOADER = "";
				COMBINE_HIDPI_IMAGES = YES;
				LD_RUNPATH_SEARCH_PATHS = (
					"$(inherited)",
					"@executable_path/../Frameworks",
					"@loader_path/../Frameworks",
				);
				PRODUCT_MODULE_NAME = BocanTests;
				SDKROOT = macosx;
				TEST_HOST = "";
			};
			name = Release;
		};
		27BBF2D64293F4FEE4DBF538 /* Debug */ = {
			isa = XCBuildConfiguration;
			buildSettings = {
				BUNDLE_LOADER = "";
				COMBINE_HIDPI_IMAGES = YES;
				LD_RUNPATH_SEARCH_PATHS = (
					"$(inherited)",
					"@executable_path/../Frameworks",
					"@loader_path/../Frameworks",
				);
				PRODUCT_MODULE_NAME = BocanTests;
				SDKROOT = macosx;
				TEST_HOST = "";
			};
			name = Debug;
		};
		3E79DA1DC07FE3812FB54C0A /* Debug */ = {
			isa = XCBuildConfiguration;
			baseConfigurationReference = "TEMP_DBD2E353-8B6B-44C5-8B73-DE9D88C21A2B" /* Secrets.xcconfig */;
			buildSettings = {
				ALWAYS_SEARCH_USER_PATHS = NO;
				ARCHS = arm64;
				CLANG_ANALYZER_NONNULL = YES;
				CLANG_ANALYZER_NUMBER_OBJECT_CONVERSION = YES_AGGRESSIVE;
				CLANG_CXX_LANGUAGE_STANDARD = "gnu++14";
				CLANG_CXX_LIBRARY = "libc++";
				CLANG_ENABLE_MODULES = YES;
				CLANG_ENABLE_OBJC_ARC = YES;
				CLANG_ENABLE_OBJC_WEAK = YES;
				CLANG_WARN_BLOCK_CAPTURE_AUTORELEASING = YES;
				CLANG_WARN_BOOL_CONVERSION = YES;
				CLANG_WARN_COMMA = YES;
				CLANG_WARN_CONSTANT_CONVERSION = YES;
				CLANG_WARN_DEPRECATED_OBJC_IMPLEMENTATIONS = YES;
				CLANG_WARN_DIRECT_OBJC_ISA_USAGE = YES_ERROR;
				CLANG_WARN_DOCUMENTATION_COMMENTS = YES;
				CLANG_WARN_EMPTY_BODY = YES;
				CLANG_WARN_ENUM_CONVERSION = YES;
				CLANG_WARN_INFINITE_RECURSION = YES;
				CLANG_WARN_INT_CONVERSION = YES;
				CLANG_WARN_NON_LITERAL_NULL_CONVERSION = YES;
				CLANG_WARN_OBJC_IMPLICIT_RETAIN_SELF = YES;
				CLANG_WARN_OBJC_LITERAL_CONVERSION = YES;
				CLANG_WARN_OBJC_ROOT_CLASS = YES_ERROR;
				CLANG_WARN_QUOTED_INCLUDE_IN_FRAMEWORK_HEADER = YES;
				CLANG_WARN_RANGE_LOOP_ANALYSIS = YES;
				CLANG_WARN_STRICT_PROTOTYPES = YES;
				CLANG_WARN_SUSPICIOUS_MOVE = YES;
				CLANG_WARN_UNGUARDED_AVAILABILITY = YES_AGGRESSIVE;
				CLANG_WARN_UNREACHABLE_CODE = YES;
				CLANG_WARN__DUPLICATE_METHOD_MATCH = YES;
				CODE_SIGN_ENTITLEMENTS = Resources/Bocan.entitlements;
				COPY_PHASE_STRIP = NO;
				CURRENT_PROJECT_VERSION = 1;
				DEBUG_INFORMATION_FORMAT = dwarf;
				ENABLE_APP_SANDBOX = YES;
				ENABLE_HARDENED_RUNTIME = YES;
				ENABLE_STRICT_OBJC_MSGSEND = YES;
				ENABLE_TESTABILITY = YES;
				GCC_C_LANGUAGE_STANDARD = gnu11;
				GCC_DYNAMIC_NO_PIC = NO;
				GCC_NO_COMMON_BLOCKS = YES;
				GCC_OPTIMIZATION_LEVEL = 0;
				GCC_PREPROCESSOR_DEFINITIONS = (
					"$(inherited)",
					"DEBUG=1",
				);
				GCC_TREAT_WARNINGS_AS_ERRORS = YES;
				GCC_WARN_64_TO_32_BIT_CONVERSION = YES;
				GCC_WARN_ABOUT_RETURN_TYPE = YES_ERROR;
				GCC_WARN_UNDECLARED_SELECTOR = YES;
				GCC_WARN_UNINITIALIZED_AUTOS = YES_AGGRESSIVE;
				GCC_WARN_UNUSED_FUNCTION = YES;
				GCC_WARN_UNUSED_VARIABLE = YES;
				HEADER_SEARCH_PATHS = "/opt/homebrew/include /opt/homebrew/opt/ffmpeg/include /opt/homebrew/opt/taglib/include/taglib $(inherited)";
				INFOPLIST_FILE = Resources/Info.plist;
				LIBRARY_SEARCH_PATHS = "/opt/homebrew/lib $(inherited)";
				MACOSX_DEPLOYMENT_TARGET = 26.0;
				MTL_ENABLE_DEBUG_INFO = INCLUDE_SOURCE;
				MTL_FAST_MATH = YES;
				ONLY_ACTIVE_ARCH = YES;
				PRODUCT_BUNDLE_IDENTIFIER = io.cloudcauldron.bocan;
				PRODUCT_NAME = "$(TARGET_NAME)";
				SDKROOT = macosx;
				SWIFT_ACTIVE_COMPILATION_CONDITIONS = DEBUG;
				SWIFT_EMIT_LOC_STRINGS = YES;
				SWIFT_OPTIMIZATION_LEVEL = "-Onone";
				SWIFT_STRICT_CONCURRENCY = complete;
				SWIFT_VERSION = 6.0;
				VALID_ARCHS = arm64;
			};
			name = Debug;
		};
		68E609CE6F127920313B59E4 /* Debug */ = {
			isa = XCBuildConfiguration;
			buildSettings = {
				BUNDLE_LOADER = "";
				CODE_SIGN_ENTITLEMENTS = "";
				CODE_SIGN_IDENTITY = "-";
				COMBINE_HIDPI_IMAGES = YES;
				ENABLE_APP_SANDBOX = NO;
				ENABLE_HARDENED_RUNTIME = NO;
				LD_RUNPATH_SEARCH_PATHS = (
					"$(inherited)",
					"@executable_path/Frameworks",
					"@loader_path/Frameworks",
				);
				PRODUCT_MODULE_NAME = BocanUITests;
				SDKROOT = macosx;
				TEST_TARGET_NAME = Bocan;
			};
			name = Debug;
		};
		9ECFFB1CC9C68C9AEC1A24FF /* Release */ = {
			isa = XCBuildConfiguration;
			buildSettings = {
				BUNDLE_LOADER = "";
				CODE_SIGN_ENTITLEMENTS = "";
				CODE_SIGN_IDENTITY = "-";
				COMBINE_HIDPI_IMAGES = YES;
				ENABLE_APP_SANDBOX = NO;
				ENABLE_HARDENED_RUNTIME = NO;
				LD_RUNPATH_SEARCH_PATHS = (
					"$(inherited)",
					"@executable_path/Frameworks",
					"@loader_path/Frameworks",
				);
				PRODUCT_MODULE_NAME = BocanUITests;
				SDKROOT = macosx;
				TEST_TARGET_NAME = Bocan;
			};
			name = Release;
		};
		BB4F8B20D3698E28BA4CB09B /* Release */ = {
			isa = XCBuildConfiguration;
			buildSettings = {
				ASSETCATALOG_COMPILER_APPICON_NAME = AppIcon;
				ASSETCATALOG_COMPILER_GLOBAL_ACCENT_COLOR_NAME = AccentColor;
				COMBINE_HIDPI_IMAGES = YES;
				INFOPLIST_FILE = Resources/Info.plist;
				INFOPLIST_KEY_CFBundleDisplayName = "Bòcan";
				INFOPLIST_KEY_LSApplicationCategoryType = "public.app-category.music";
				LD_RUNPATH_SEARCH_PATHS = (
					"$(inherited)",
					"@executable_path/../Frameworks",
				);
				PRODUCT_MODULE_NAME = Bocan;
				PRODUCT_NAME = Bocan;
				SDKROOT = macosx;
			};
			name = Release;
		};
		D3B7E2D650BF9AC5F77082BA /* Release */ = {
			isa = XCBuildConfiguration;
			baseConfigurationReference = "TEMP_DBD2E353-8B6B-44C5-8B73-DE9D88C21A2B" /* Secrets.xcconfig */;
			buildSettings = {
				ALWAYS_SEARCH_USER_PATHS = NO;
				ARCHS = arm64;
				CLANG_ANALYZER_NONNULL = YES;
				CLANG_ANALYZER_NUMBER_OBJECT_CONVERSION = YES_AGGRESSIVE;
				CLANG_CXX_LANGUAGE_STANDARD = "gnu++14";
				CLANG_CXX_LIBRARY = "libc++";
				CLANG_ENABLE_MODULES = YES;
				CLANG_ENABLE_OBJC_ARC = YES;
				CLANG_ENABLE_OBJC_WEAK = YES;
				CLANG_WARN_BLOCK_CAPTURE_AUTORELEASING = YES;
				CLANG_WARN_BOOL_CONVERSION = YES;
				CLANG_WARN_COMMA = YES;
				CLANG_WARN_CONSTANT_CONVERSION = YES;
				CLANG_WARN_DEPRECATED_OBJC_IMPLEMENTATIONS = YES;
				CLANG_WARN_DIRECT_OBJC_ISA_USAGE = YES_ERROR;
				CLANG_WARN_DOCUMENTATION_COMMENTS = YES;
				CLANG_WARN_EMPTY_BODY = YES;
				CLANG_WARN_ENUM_CONVERSION = YES;
				CLANG_WARN_INFINITE_RECURSION = YES;
				CLANG_WARN_INT_CONVERSION = YES;
				CLANG_WARN_NON_LITERAL_NULL_CONVERSION = YES;
				CLANG_WARN_OBJC_IMPLICIT_RETAIN_SELF = YES;
				CLANG_WARN_OBJC_LITERAL_CONVERSION = YES;
				CLANG_WARN_OBJC_ROOT_CLASS = YES_ERROR;
				CLANG_WARN_QUOTED_INCLUDE_IN_FRAMEWORK_HEADER = YES;
				CLANG_WARN_RANGE_LOOP_ANALYSIS = YES;
				CLANG_WARN_STRICT_PROTOTYPES = YES;
				CLANG_WARN_SUSPICIOUS_MOVE = YES;
				CLANG_WARN_UNGUARDED_AVAILABILITY = YES_AGGRESSIVE;
				CLANG_WARN_UNREACHABLE_CODE = YES;
				CLANG_WARN__DUPLICATE_METHOD_MATCH = YES;
				CODE_SIGN_ENTITLEMENTS = Resources/Bocan.entitlements;
				COPY_PHASE_STRIP = NO;
				CURRENT_PROJECT_VERSION = 1;
				DEBUG_INFORMATION_FORMAT = "dwarf-with-dsym";
				ENABLE_APP_SANDBOX = YES;
				ENABLE_HARDENED_RUNTIME = YES;
				ENABLE_NS_ASSERTIONS = NO;
				ENABLE_STRICT_OBJC_MSGSEND = YES;
				ENABLE_TESTABILITY = YES;
				GCC_C_LANGUAGE_STANDARD = gnu11;
				GCC_NO_COMMON_BLOCKS = YES;
				GCC_TREAT_WARNINGS_AS_ERRORS = YES;
				GCC_WARN_64_TO_32_BIT_CONVERSION = YES;
				GCC_WARN_ABOUT_RETURN_TYPE = YES_ERROR;
				GCC_WARN_UNDECLARED_SELECTOR = YES;
				GCC_WARN_UNINITIALIZED_AUTOS = YES_AGGRESSIVE;
				GCC_WARN_UNUSED_FUNCTION = YES;
				GCC_WARN_UNUSED_VARIABLE = YES;
				HEADER_SEARCH_PATHS = "/opt/homebrew/include /opt/homebrew/opt/ffmpeg/include /opt/homebrew/opt/taglib/include/taglib $(inherited)";
				INFOPLIST_FILE = Resources/Info.plist;
				LIBRARY_SEARCH_PATHS = "/opt/homebrew/lib $(inherited)";
				MACOSX_DEPLOYMENT_TARGET = 26.0;
				MTL_ENABLE_DEBUG_INFO = NO;
				MTL_FAST_MATH = YES;
				PRODUCT_BUNDLE_IDENTIFIER = io.cloudcauldron.bocan;
				PRODUCT_NAME = "$(TARGET_NAME)";
				SDKROOT = macosx;
				SWIFT_ACTIVE_COMPILATION_CONDITIONS = "";
				SWIFT_COMPILATION_MODE = wholemodule;
				SWIFT_EMIT_LOC_STRINGS = YES;
				SWIFT_OPTIMIZATION_LEVEL = "-O";
				SWIFT_STRICT_CONCURRENCY = complete;
				SWIFT_VERSION = 6.0;
				VALID_ARCHS = arm64;
			};
			name = Release;
		};
		E3603F682609D5D7ECDDFFC7 /* Debug */ = {
			isa = XCBuildConfiguration;
			buildSettings = {
				ASSETCATALOG_COMPILER_APPICON_NAME = AppIcon;
				ASSETCATALOG_COMPILER_GLOBAL_ACCENT_COLOR_NAME = AccentColor;
				COMBINE_HIDPI_IMAGES = YES;
				INFOPLIST_FILE = Resources/Info.plist;
				INFOPLIST_KEY_CFBundleDisplayName = "Bòcan";
				INFOPLIST_KEY_LSApplicationCategoryType = "public.app-category.music";
				LD_RUNPATH_SEARCH_PATHS = (
					"$(inherited)",
					"@executable_path/../Frameworks",
				);
				PRODUCT_MODULE_NAME = Bocan;
				PRODUCT_NAME = Bocan;
				SDKROOT = macosx;
			};
			name = Debug;
		};
/* End XCBuildConfiguration section */

/* Begin XCConfigurationList section */
		215193F3C85CF7D6A68AEC6C /* Build configuration list for PBXNativeTarget "Bocan" */ = {
			isa = XCConfigurationList;
			buildConfigurations = (
				E3603F682609D5D7ECDDFFC7 /* Debug */,
				BB4F8B20D3698E28BA4CB09B /* Release */,
			);
			defaultConfigurationIsVisible = 0;
			defaultConfigurationName = Debug;
		};
		676EAFBEB657EB9275F1B30A /* Build configuration list for PBXNativeTarget "BocanUITests" */ = {
			isa = XCConfigurationList;
			buildConfigurations = (
				68E609CE6F127920313B59E4 /* Debug */,
				9ECFFB1CC9C68C9AEC1A24FF /* Release */,
			);
			defaultConfigurationIsVisible = 0;
			defaultConfigurationName = Debug;
		};
		9A8D325D36AD402573FFEA0D /* Build configuration list for PBXProject "Bocan" */ = {
			isa = XCConfigurationList;
			buildConfigurations = (
				3E79DA1DC07FE3812FB54C0A /* Debug */,
				D3B7E2D650BF9AC5F77082BA /* Release */,
			);
			defaultConfigurationIsVisible = 0;
			defaultConfigurationName = Debug;
		};
		F84F38D8574066831E4B2C14 /* Build configuration list for PBXNativeTarget "BocanTests" */ = {
			isa = XCConfigurationList;
			buildConfigurations = (
				27BBF2D64293F4FEE4DBF538 /* Debug */,
				0D829C779065DF873966545B /* Release */,
			);
			defaultConfigurationIsVisible = 0;
			defaultConfigurationName = Debug;
		};
/* End XCConfigurationList section */

/* Begin XCLocalSwiftPackageReference section */
		166FA01824FE15FCD4D4D28B /* XCLocalSwiftPackageReference "Modules/Playback" */ = {
			isa = XCLocalSwiftPackageReference;
			relativePath = Modules/Playback;
		};
		29FFCEC96A9AD74E175B26CD /* XCLocalSwiftPackageReference "Modules/Library" */ = {
			isa = XCLocalSwiftPackageReference;
			relativePath = Modules/Library;
		};
		3B5F2EF875A6F6FFF55F7ACB /* XCLocalSwiftPackageReference "Modules/Scrobble" */ = {
			isa = XCLocalSwiftPackageReference;
			relativePath = Modules/Scrobble;
		};
		73929B74C971FA1861E7E569 /* XCLocalSwiftPackageReference "Modules/Persistence" */ = {
			isa = XCLocalSwiftPackageReference;
			relativePath = Modules/Persistence;
		};
		88F22A7297DE63DC36E97CB5 /* XCLocalSwiftPackageReference "Modules/Acoustics" */ = {
			isa = XCLocalSwiftPackageReference;
			relativePath = Modules/Acoustics;
		};
		A17D0542DA503F381C619312 /* XCLocalSwiftPackageReference "Modules/AudioEngine" */ = {
			isa = XCLocalSwiftPackageReference;
			relativePath = Modules/AudioEngine;
		};
		DC0F5EA22CB5FAA327417C6B /* XCLocalSwiftPackageReference "Modules/Observability" */ = {
			isa = XCLocalSwiftPackageReference;
			relativePath = Modules/Observability;
		};
		FE6D5E7CC473CB3FE993F62B /* XCLocalSwiftPackageReference "Modules/UI" */ = {
			isa = XCLocalSwiftPackageReference;
			relativePath = Modules/UI;
		};
/* End XCLocalSwiftPackageReference section */

/* Begin XCRemoteSwiftPackageReference section */
		989A8700FC0094AE2DD92144 /* XCRemoteSwiftPackageReference "Sparkle" */ = {
			isa = XCRemoteSwiftPackageReference;
			repositoryURL = "https://github.com/sparkle-project/Sparkle";
			requirement = {
				kind = upToNextMajorVersion;
				minimumVersion = 2.9.1;
			};
		};
/* End XCRemoteSwiftPackageReference section */

/* Begin XCSwiftPackageProductDependency section */
		441F05155B692DC6D6F30264 /* AudioEngine */ = {
			isa = XCSwiftPackageProductDependency;
			productName = AudioEngine;
		};
		4471527EBD815A0F4817C396 /* Observability */ = {
			isa = XCSwiftPackageProductDependency;
			productName = Observability;
		};
		4BD8C9A8D2F5753BB057397D /* Sparkle */ = {
			isa = XCSwiftPackageProductDependency;
			package = 989A8700FC0094AE2DD92144 /* XCRemoteSwiftPackageReference "Sparkle" */;
			productName = Sparkle;
		};
		4C4CFA157601C8EA52079F84 /* Persistence */ = {
			isa = XCSwiftPackageProductDependency;
			productName = Persistence;
		};
		66DA699183F712D5B228B317 /* Acoustics */ = {
			isa = XCSwiftPackageProductDependency;
			productName = Acoustics;
		};
		725067C07C4341529B60581F /* Playback */ = {
			isa = XCSwiftPackageProductDependency;
			productName = Playback;
		};
		7958F5C62AD395861A62A40B /* Scrobble */ = {
			isa = XCSwiftPackageProductDependency;
			productName = Scrobble;
		};
		8F629E8B78D37805428363DA /* Observability */ = {
			isa = XCSwiftPackageProductDependency;
			productName = Observability;
		};
		A162527B2B2B56BFB7154789 /* UI */ = {
			isa = XCSwiftPackageProductDependency;
			productName = UI;
		};
		D12DF4C04E3DB095C79E72AA /* Library */ = {
			isa = XCSwiftPackageProductDependency;
			productName = Library;
		};
		D1ABAB928B628AE14B24A3B8 /* UI */ = {
			isa = XCSwiftPackageProductDependency;
			productName = UI;
		};
		E05BB587A6FC66933F79D585 /* Playback */ = {
			isa = XCSwiftPackageProductDependency;
			productName = Playback;
		};
		EE0BAD633E96C7812391D0FE /* AudioEngine */ = {
			isa = XCSwiftPackageProductDependency;
			productName = AudioEngine;
		};
		EFCF37422883F3C0CF718D56 /* Persistence */ = {
			isa = XCSwiftPackageProductDependency;
			productName = Persistence;
		};
/* End XCSwiftPackageProductDependency section */
	};
	rootObject = 88D818C6C82ED904B269B377 /* Project object */;
}
